
Microsoft Visual Studio Solution File, Format Version 12.00
# Visual Studio Version 16
VisualStudioVersion = 16.0.29905.134
MinimumVisualStudioVersion = 10.0.40219.1
Project("{8BC9CEB8-8B4A-11D0-8D11-00A0C91BC942}") = "ThreadPool", "ThreadPool\ThreadPool.vcxproj", "{DB70B74D-C85C-439D-A637-FB75FBCAF43D}"
EndProject
Global
	GlobalSection(SolutionConfigurationPlatforms) = preSolution
		Debug|ARM = Debug|ARM
		Debug|ARM64 = Debug|ARM64
		Debug|x64 = Debug|x64
		Debug|x86 = Debug|x86
		Release|ARM = Release|ARM
		Release|ARM64 = Release|ARM64
		Release|x64 = Release|x64
		Release|x86 = Release|x86
	EndGlobalSection
	GlobalSection(ProjectConfigurationPlatforms) = postSolution
		{DB70B74D-C85C-439D-A637-FB75FBCAF43D}.Debug|ARM.ActiveCfg = Debug|ARM
		{DB70B74D-C85C-439D-A637-FB75FBCAF43D}.Debug|ARM.Build.0 = Debug|ARM
		{DB70B74D-C85C-439D-A637-FB75FBCAF43D}.Debug|ARM.Deploy.0 = Debug|ARM
		{DB70B74D-C85C-439D-A637-FB75FBCAF43D}.Debug|ARM64.ActiveCfg = Debug|ARM64
		{DB70B74D-C85C-439D-A637-FB75FBCAF43D}.Debug|ARM64.Build.0 = Debug|ARM64
		{DB70B74D-C85C-439D-A637-FB75FBCAF43D}.Debug|ARM64.Deploy.0 = Debug|ARM64
		{DB70B74D-C85C-439D-A637-FB75FBCAF43D}.Debug|x64.ActiveCfg = Debug|x64
		{DB70B74D-C85C-439D-A637-FB75FBCAF43D}.Debug|x64.Build.0 = Debug|x64
		{DB70B74D-C85C-439D-A637-FB75FBCAF43D}.Debug|x64.Deploy.0 = Debug|x64
		{DB70B74D-C85C-439D-A637-FB75FBCAF43D}.Debug|x86.ActiveCfg = Debug|x86
		{DB70B74D-C85C-439D-A637-FB75FBCAF43D}.Debug|x86.Build.0 = Debug|x86
		{DB70B74D-C85C-439D-A637-FB75FBCAF43D}.Debug|x86.Deploy.0 = Debug|x86
		{DB70B74D-C85C-439D-A637-FB75FBCAF43D}.Release|ARM.ActiveCfg = Release|ARM
		{DB70B74D-C85C-439D-A637-FB75FBCAF43D}.Release|ARM.Build.0 = Release|ARM
		{DB70B74D-C85C-439D-A637-FB75FBCAF43D}.Release|ARM.Deploy.0 = Release|ARM
		{DB70B74D-C85C-439D-A637-FB75FBCAF43D}.Release|ARM64.ActiveCfg = Release|ARM64
		{DB70B74D-C85C-439D-A637-FB75FBCAF43D}.Release|ARM64.Build.0 = Release|ARM64
		{DB70B74D-C85C-439D-A637-FB75FBCAF43D}.Release|ARM64.Deploy.0 = Release|ARM64
		{DB70B74D-C85C-439D-A637-FB75FBCAF43D}.Release|x64.ActiveCfg = Release|x64
		{DB70B74D-C85C-439D-A637-FB75FBCAF43D}.Release|x64.Build.0 = Release|x64
		{DB70B74D-C85C-439D-A637-FB75FBCAF43D}.Release|x64.Deploy.0 = Release|x64
		{DB70B74D-C85C-439D-A637-FB75FBCAF43D}.Release|x86.ActiveCfg = Release|x86
		{DB70B74D-C85C-439D-A637-FB75FBCAF43D}.Release|x86.Build.0 = Release|x86
		{DB70B74D-C85C-439D-A637-FB75FBCAF43D}.Release|x86.Deploy.0 = Release|x86
	EndGlobalSection
	GlobalSection(SolutionProperties) = preSolution
		HideSolutionNode = FALSE
	EndGlobalSection
	GlobalSection(ExtensibilityGlobals) = postSolution
		SolutionGuid = {AB086646-C840-45C8-AF32-E4E7120D92C9}
	EndGlobalSection
EndGlobal
